
Microsoft Visual Studio Solution File, Format Version 12.00
# Visual Studio Version 17
VisualStudioVersion = 17.9.34728.123
MinimumVisualStudioVersion = 10.0.40219.1
Project("{FAE04EC0-301F-11D3-BF4B-00C04F79EFBC}") = "csharp-functions", "csharp-functions\csharp-functions.csproj", "{3CF5B357-65F2-402B-B8BD-881242C38366}"
EndProject
Global
	GlobalSection(SolutionConfigurationPlatforms) = preSolution
		Debug|Any CPU = Debug|Any CPU
		Release|Any CPU = Release|Any CPU
	EndGlobalSection
	GlobalSection(ProjectConfigurationPlatforms) = postSolution
		{3CF5B357-65F2-402B-B8BD-881242C38366}.Debug|Any CPU.ActiveCfg = Debug|Any CPU
		{3CF5B357-65F2-402B-B8BD-881242C38366}.Debug|Any CPU.Build.0 = Debug|Any CPU
		{3CF5B357-65F2-402B-B8BD-881242C38366}.Release|Any CPU.ActiveCfg = Release|Any CPU
		{3CF5B357-65F2-402B-B8BD-881242C38366}.Release|Any CPU.Build.0 = Release|Any CPU
	EndGlobalSection
	GlobalSection(SolutionProperties) = preSolution
		HideSolutionNode = FALSE
	EndGlobalSection
	GlobalSection(ExtensibilityGlobals) = postSolution
		SolutionGuid = {452FCC3F-7D28-420E-B63A-FD584F193D52}
	EndGlobalSection
EndGlobal
